
Microsoft Visual Studio Solution File, Format Version 12.00
# Visual Studio Version 16
VisualStudioVersion = 16.0.28711.60
MinimumVisualStudioVersion = 10.0.40219.1
Project("{FAE04EC0-301F-11D3-BF4B-00C04F79EFBC}") = "ACTVOT.common", "ACTVOT.common\ACTVOT.common.csproj", "{BDBB23C3-6D46-40CD-8BE4-9FB6E307CBA9}"
EndProject
Project("{2150E333-8FDC-42A3-9474-1A3956D46DE8}") = "Backend", "Backend", "{5323A905-A1C2-47B1-83E3-E0871CE2E759}"
EndProject
Project("{2150E333-8FDC-42A3-9474-1A3956D46DE8}") = "Frontend", "Frontend", "{3A5DC85C-2AD7-4527-B4F8-3D67E898702E}"
EndProject
Project("{FAE04EC0-301F-11D3-BF4B-00C04F79EFBC}") = "ACTVOT.Web", "ACTVOT.Web\ACTVOT.Web.csproj", "{3621F775-7427-4B9D-9760-0596C9F0CE39}"
EndProject
Global
	GlobalSection(SolutionConfigurationPlatforms) = preSolution
		Debug|Any CPU = Debug|Any CPU
		Release|Any CPU = Release|Any CPU
	EndGlobalSection
	GlobalSection(ProjectConfigurationPlatforms) = postSolution
		{BDBB23C3-6D46-40CD-8BE4-9FB6E307CBA9}.Debug|Any CPU.ActiveCfg = Debug|Any CPU
		{BDBB23C3-6D46-40CD-8BE4-9FB6E307CBA9}.Debug|Any CPU.Build.0 = Debug|Any CPU
		{BDBB23C3-6D46-40CD-8BE4-9FB6E307CBA9}.Release|Any CPU.ActiveCfg = Release|Any CPU
		{BDBB23C3-6D46-40CD-8BE4-9FB6E307CBA9}.Release|Any CPU.Build.0 = Release|Any CPU
		{3621F775-7427-4B9D-9760-0596C9F0CE39}.Debug|Any CPU.ActiveCfg = Debug|Any CPU
		{3621F775-7427-4B9D-9760-0596C9F0CE39}.Debug|Any CPU.Build.0 = Debug|Any CPU
		{3621F775-7427-4B9D-9760-0596C9F0CE39}.Release|Any CPU.ActiveCfg = Release|Any CPU
		{3621F775-7427-4B9D-9760-0596C9F0CE39}.Release|Any CPU.Build.0 = Release|Any CPU
	EndGlobalSection
	GlobalSection(SolutionProperties) = preSolution
		HideSolutionNode = FALSE
	EndGlobalSection
	GlobalSection(NestedProjects) = preSolution
		{3621F775-7427-4B9D-9760-0596C9F0CE39} = {5323A905-A1C2-47B1-83E3-E0871CE2E759}
	EndGlobalSection
	GlobalSection(ExtensibilityGlobals) = postSolution
		SolutionGuid = {AEC8FDAB-1582-40E2-BC4D-D1A4DA35F0F1}
	EndGlobalSection
EndGlobal
